
Microsoft Visual Studio Solution File, Format Version 12.00
# Visual Studio Version 17
VisualStudioVersion = 17.5.002.0
MinimumVisualStudioVersion = 10.0.40219.1
Project("{2150E333-8FDC-42A3-9474-1A3956D46DE8}") = "csharp-prep", "csharp-prep", "{D3275BC9-2221-4D6F-A4CC-F37F5FC9906D}"
EndProject
Project("{9A19103F-16F7-4668-BE54-9A1E7A4F7556}") = "Prep1", "csharp-prep\Prep1\Prep1.csproj", "{6B7B55E5-F53A-43CB-81AF-8D7F434A47C9}"
EndProject
Project("{9A19103F-16F7-4668-BE54-9A1E7A4F7556}") = "Prep2", "csharp-prep\Prep2\Prep2.csproj", "{6040BE46-06ED-41D4-8433-DF8B74D91002}"
EndProject
Project("{9A19103F-16F7-4668-BE54-9A1E7A4F7556}") = "Prep3", "csharp-prep\Prep3\Prep3.csproj", "{BD33D75A-EADA-44BE-A54B-52B8973EF35E}"
EndProject
Project("{9A19103F-16F7-4668-BE54-9A1E7A4F7556}") = "Prep4", "csharp-prep\Prep4\Prep4.csproj", "{46187EAB-BB6C-4E9D-9DD7-A727EB85CDDE}"
EndProject
Project("{9A19103F-16F7-4668-BE54-9A1E7A4F7556}") = "Prep5", "csharp-prep\Prep5\Prep5.csproj", "{BBAF9C93-AE60-4754-AEBE-D660CCBC2075}"
EndProject
Project("{2150E333-8FDC-42A3-9474-1A3956D46DE8}") = "final", "final", "{64879935-3F1D-409E-91F3-F65DA44B2155}"
EndProject
Project("{9A19103F-16F7-4668-BE54-9A1E7A4F7556}") = "FinalProject", "final\FinalProject\FinalProject.csproj", "{C3A9624E-41FB-4975-8F8D-EFDEF969529B}"
EndProject
Project("{9A19103F-16F7-4668-BE54-9A1E7A4F7556}") = "Foundation1", "final\Foundation1\Foundation1.csproj", "{151F793E-4520-4A6A-A264-20949FC618AC}"
EndProject
Project("{9A19103F-16F7-4668-BE54-9A1E7A4F7556}") = "Foundation2", "final\Foundation2\Foundation2.csproj", "{8B42DD41-548B-47A6-AE9A-819FA4611A8E}"
EndProject
Project("{9A19103F-16F7-4668-BE54-9A1E7A4F7556}") = "Foundation3", "final\Foundation3\Foundation3.csproj", "{630CFDF9-E05D-42C5-B132-597C3B8806BB}"
EndProject
Project("{9A19103F-16F7-4668-BE54-9A1E7A4F7556}") = "Foundation4", "final\Foundation4\Foundation4.csproj", "{F5CD0D4A-D752-40FB-A5DA-AC6D8F486CD8}"
EndProject
Project("{2150E333-8FDC-42A3-9474-1A3956D46DE8}") = "prepare", "prepare", "{DB778305-298D-45EF-A8DD-EEBFC79C1BEF}"
EndProject
Project("{9A19103F-16F7-4668-BE54-9A1E7A4F7556}") = "Learning02", "prepare\Learning02\Learning02.csproj", "{A0B13C73-301E-455C-98C4-A39F9C85DACB}"
EndProject
Project("{9A19103F-16F7-4668-BE54-9A1E7A4F7556}") = "Learning03", "prepare\Learning03\Learning03.csproj", "{C2492B12-C7F3-48DA-B549-DDCFAE32832E}"
EndProject
Project("{9A19103F-16F7-4668-BE54-9A1E7A4F7556}") = "Learning04", "prepare\Learning04\Learning04.csproj", "{B2EB36E2-9981-4118-B042-A8E6FCFDC048}"
EndProject
Project("{9A19103F-16F7-4668-BE54-9A1E7A4F7556}") = "Learning05", "prepare\Learning05\Learning05.csproj", "{2EAA4BD0-0A4E-4173-8F16-22143CB4A993}"
EndProject
Project("{2150E333-8FDC-42A3-9474-1A3956D46DE8}") = "prove", "prove", "{AD31DD37-E9CF-4EDC-9976-3F03B4B31380}"
EndProject
Project("{9A19103F-16F7-4668-BE54-9A1E7A4F7556}") = "Develop02", "prove\Develop02\Develop02.csproj", "{6F27D03A-D27B-40AF-A398-F9812BEF17A8}"
EndProject
Project("{9A19103F-16F7-4668-BE54-9A1E7A4F7556}") = "Develop03", "prove\Develop03\Develop03.csproj", "{B3D02B5D-6F9E-450E-B992-BED7693F60DB}"
EndProject
Project("{9A19103F-16F7-4668-BE54-9A1E7A4F7556}") = "Develop04", "prove\Develop04\Develop04.csproj", "{1192CB83-2A9A-4FE6-8AA1-268FCAD0D0D7}"
EndProject
Project("{9A19103F-16F7-4668-BE54-9A1E7A4F7556}") = "Develop05", "prove\Develop05\Develop05.csproj", "{1BCF374D-9E33-4ACB-94AD-55D1218521A7}"
EndProject
Project("{2150E333-8FDC-42A3-9474-1A3956D46DE8}") = "sandbox", "sandbox", "{9A1C6922-2BDA-4554-8792-2799D9633C40}"
EndProject
Project("{9A19103F-16F7-4668-BE54-9A1E7A4F7556}") = "Sandbox", "sandbox\Sandbox\Sandbox.csproj", "{B4D4E147-DD13-4FC2-8BAA-10DF913AC16B}"
EndProject
Global
	GlobalSection(SolutionConfigurationPlatforms) = preSolution
		Debug|Any CPU = Debug|Any CPU
		Release|Any CPU = Release|Any CPU
	EndGlobalSection
	GlobalSection(ProjectConfigurationPlatforms) = postSolution
		{6B7B55E5-F53A-43CB-81AF-8D7F434A47C9}.Debug|Any CPU.ActiveCfg = Debug|Any CPU
		{6B7B55E5-F53A-43CB-81AF-8D7F434A47C9}.Debug|Any CPU.Build.0 = Debug|Any CPU
		{6B7B55E5-F53A-43CB-81AF-8D7F434A47C9}.Release|Any CPU.ActiveCfg = Release|Any CPU
		{6B7B55E5-F53A-43CB-81AF-8D7F434A47C9}.Release|Any CPU.Build.0 = Release|Any CPU
		{6040BE46-06ED-41D4-8433-DF8B74D91002}.Debug|Any CPU.ActiveCfg = Debug|Any CPU
		{6040BE46-06ED-41D4-8433-DF8B74D91002}.Debug|Any CPU.Build.0 = Debug|Any CPU
		{6040BE46-06ED-41D4-8433-DF8B74D91002}.Release|Any CPU.ActiveCfg = Release|Any CPU
		{6040BE46-06ED-41D4-8433-DF8B74D91002}.Release|Any CPU.Build.0 = Release|Any CPU
		{BD33D75A-EADA-44BE-A54B-52B8973EF35E}.Debug|Any CPU.ActiveCfg = Debug|Any CPU
		{BD33D75A-EADA-44BE-A54B-52B8973EF35E}.Debug|Any CPU.Build.0 = Debug|Any CPU
		{BD33D75A-EADA-44BE-A54B-52B8973EF35E}.Release|Any CPU.ActiveCfg = Release|Any CPU
		{BD33D75A-EADA-44BE-A54B-52B8973EF35E}.Release|Any CPU.Build.0 = Release|Any CPU
		{46187EAB-BB6C-4E9D-9DD7-A727EB85CDDE}.Debug|Any CPU.ActiveCfg = Debug|Any CPU
		{46187EAB-BB6C-4E9D-9DD7-A727EB85CDDE}.Debug|Any CPU.Build.0 = Debug|Any CPU
		{46187EAB-BB6C-4E9D-9DD7-A727EB85CDDE}.Release|Any CPU.ActiveCfg = Release|Any CPU
		{46187EAB-BB6C-4E9D-9DD7-A727EB85CDDE}.Release|Any CPU.Build.0 = Release|Any CPU
		{BBAF9C93-AE60-4754-AEBE-D660CCBC2075}.Debug|Any CPU.ActiveCfg = Debug|Any CPU
		{BBAF9C93-AE60-4754-AEBE-D660CCBC2075}.Debug|Any CPU.Build.0 = Debug|Any CPU
		{BBAF9C93-AE60-4754-AEBE-D660CCBC2075}.Release|Any CPU.ActiveCfg = Release|Any CPU
		{BBAF9C93-AE60-4754-AEBE-D660CCBC2075}.Release|Any CPU.Build.0 = Release|Any CPU
		{C3A9624E-41FB-4975-8F8D-EFDEF969529B}.Debug|Any CPU.ActiveCfg = Debug|Any CPU
		{C3A9624E-41FB-4975-8F8D-EFDEF969529B}.Debug|Any CPU.Build.0 = Debug|Any CPU
		{C3A9624E-41FB-4975-8F8D-EFDEF969529B}.Release|Any CPU.ActiveCfg = Release|Any CPU
		{C3A9624E-41FB-4975-8F8D-EFDEF969529B}.Release|Any CPU.Build.0 = Release|Any CPU
		{151F793E-4520-4A6A-A264-20949FC618AC}.Debug|Any CPU.ActiveCfg = Debug|Any CPU
		{151F793E-4520-4A6A-A264-20949FC618AC}.Debug|Any CPU.Build.0 = Debug|Any CPU
		{151F793E-4520-4A6A-A264-20949FC618AC}.Release|Any CPU.ActiveCfg = Release|Any CPU
		{151F793E-4520-4A6A-A264-20949FC618AC}.Release|Any CPU.Build.0 = Release|Any CPU
		{8B42DD41-548B-47A6-AE9A-819FA4611A8E}.Debug|Any CPU.ActiveCfg = Debug|Any CPU
		{8B42DD41-548B-47A6-AE9A-819FA4611A8E}.Debug|Any CPU.Build.0 = Debug|Any CPU
		{8B42DD41-548B-47A6-AE9A-819FA4611A8E}.Release|Any CPU.ActiveCfg = Release|Any CPU
		{8B42DD41-548B-47A6-AE9A-819FA4611A8E}.Release|Any CPU.Build.0 = Release|Any CPU
		{630CFDF9-E05D-42C5-B132-597C3B8806BB}.Debug|Any CPU.ActiveCfg = Debug|Any CPU
		{630CFDF9-E05D-42C5-B132-597C3B8806BB}.Debug|Any CPU.Build.0 = Debug|Any CPU
		{630CFDF9-E05D-42C5-B132-597C3B8806BB}.Release|Any CPU.ActiveCfg = Release|Any CPU
		{630CFDF9-E05D-42C5-B132-597C3B8806BB}.Release|Any CPU.Build.0 = Release|Any CPU
		{F5CD0D4A-D752-40FB-A5DA-AC6D8F486CD8}.Debug|Any CPU.ActiveCfg = Debug|Any CPU
		{F5CD0D4A-D752-40FB-A5DA-AC6D8F486CD8}.Debug|Any CPU.Build.0 = Debug|Any CPU
		{F5CD0D4A-D752-40FB-A5DA-AC6D8F486CD8}.Release|Any CPU.ActiveCfg = Release|Any CPU
		{F5CD0D4A-D752-40FB-A5DA-AC6D8F486CD8}.Release|Any CPU.Build.0 = Release|Any CPU
		{A0B13C73-301E-455C-98C4-A39F9C85DACB}.Debug|Any CPU.ActiveCfg = Debug|Any CPU
		{A0B13C73-301E-455C-98C4-A39F9C85DACB}.Debug|Any CPU.Build.0 = Debug|Any CPU
		{A0B13C73-301E-455C-98C4-A39F9C85DACB}.Release|Any CPU.ActiveCfg = Release|Any CPU
		{A0B13C73-301E-455C-98C4-A39F9C85DACB}.Release|Any CPU.Build.0 = Release|Any CPU
		{C2492B12-C7F3-48DA-B549-DDCFAE32832E}.Debug|Any CPU.ActiveCfg = Debug|Any CPU
		{C2492B12-C7F3-48DA-B549-DDCFAE32832E}.Debug|Any CPU.Build.0 = Debug|Any CPU
		{C2492B12-C7F3-48DA-B549-DDCFAE32832E}.Release|Any CPU.ActiveCfg = Release|Any CPU
		{C2492B12-C7F3-48DA-B549-DDCFAE32832E}.Release|Any CPU.Build.0 = Release|Any CPU
		{B2EB36E2-9981-4118-B042-A8E6FCFDC048}.Debug|Any CPU.ActiveCfg = Debug|Any CPU
		{B2EB36E2-9981-4118-B042-A8E6FCFDC048}.Debug|Any CPU.Build.0 = Debug|Any CPU
		{B2EB36E2-9981-4118-B042-A8E6FCFDC048}.Release|Any CPU.ActiveCfg = Release|Any CPU
		{B2EB36E2-9981-4118-B042-A8E6FCFDC048}.Release|Any CPU.Build.0 = Release|Any CPU
		{2EAA4BD0-0A4E-4173-8F16-22143CB4A993}.Debug|Any CPU.ActiveCfg = Debug|Any CPU
		{2EAA4BD0-0A4E-4173-8F16-22143CB4A993}.Debug|Any CPU.Build.0 = Debug|Any CPU
		{2EAA4BD0-0A4E-4173-8F16-22143CB4A993}.Release|Any CPU.ActiveCfg = Release|Any CPU
		{2EAA4BD0-0A4E-4173-8F16-22143CB4A993}.Release|Any CPU.Build.0 = Release|Any CPU
		{6F27D03A-D27B-40AF-A398-F9812BEF17A8}.Debug|Any CPU.ActiveCfg = Debug|Any CPU
		{6F27D03A-D27B-40AF-A398-F9812BEF17A8}.Debug|Any CPU.Build.0 = Debug|Any CPU
		{6F27D03A-D27B-40AF-A398-F9812BEF17A8}.Release|Any CPU.ActiveCfg = Release|Any CPU
		{6F27D03A-D27B-40AF-A398-F9812BEF17A8}.Release|Any CPU.Build.0 = Release|Any CPU
		{B3D02B5D-6F9E-450E-B992-BED7693F60DB}.Debug|Any CPU.ActiveCfg = Debug|Any CPU
		{B3D02B5D-6F9E-450E-B992-BED7693F60DB}.Debug|Any CPU.Build.0 = Debug|Any CPU
		{B3D02B5D-6F9E-450E-B992-BED7693F60DB}.Release|Any CPU.ActiveCfg = Release|Any CPU
		{B3D02B5D-6F9E-450E-B992-BED7693F60DB}.Release|Any CPU.Build.0 = Release|Any CPU
		{1192CB83-2A9A-4FE6-8AA1-268FCAD0D0D7}.Debug|Any CPU.ActiveCfg = Debug|Any CPU
		{1192CB83-2A9A-4FE6-8AA1-268FCAD0D0D7}.Debug|Any CPU.Build.0 = Debug|Any CPU
		{1192CB83-2A9A-4FE6-8AA1-268FCAD0D0D7}.Release|Any CPU.ActiveCfg = Release|Any CPU
		{1192CB83-2A9A-4FE6-8AA1-268FCAD0D0D7}.Release|Any CPU.Build.0 = Release|Any CPU
		{1BCF374D-9E33-4ACB-94AD-55D1218521A7}.Debug|Any CPU.ActiveCfg = Debug|Any CPU
		{1BCF374D-9E33-4ACB-94AD-55D1218521A7}.Debug|Any CPU.Build.0 = Debug|Any CPU
		{1BCF374D-9E33-4ACB-94AD-55D1218521A7}.Release|Any CPU.ActiveCfg = Release|Any CPU
		{1BCF374D-9E33-4ACB-94AD-55D1218521A7}.Release|Any CPU.Build.0 = Release|Any CPU
		{B4D4E147-DD13-4FC2-8BAA-10DF913AC16B}.Debug|Any CPU.ActiveCfg = Debug|Any CPU
		{B4D4E147-DD13-4FC2-8BAA-10DF913AC16B}.Debug|Any CPU.Build.0 = Debug|Any CPU
		{B4D4E147-DD13-4FC2-8BAA-10DF913AC16B}.Release|Any CPU.ActiveCfg = Release|Any CPU
		{B4D4E147-DD13-4FC2-8BAA-10DF913AC16B}.Release|Any CPU.Build.0 = Release|Any CPU
	EndGlobalSection
	GlobalSection(SolutionProperties) = preSolution
		HideSolutionNode = FALSE
	EndGlobalSection
	GlobalSection(NestedProjects) = preSolution
		{6B7B55E5-F53A-43CB-81AF-8D7F434A47C9} = {D3275BC9-2221-4D6F-A4CC-F37F5FC9906D}
		{6040BE46-06ED-41D4-8433-DF8B74D91002} = {D3275BC9-2221-4D6F-A4CC-F37F5FC9906D}
		{BD33D75A-EADA-44BE-A54B-52B8973EF35E} = {D3275BC9-2221-4D6F-A4CC-F37F5FC9906D}
		{46187EAB-BB6C-4E9D-9DD7-A727EB85CDDE} = {D3275BC9-2221-4D6F-A4CC-F37F5FC9906D}
		{BBAF9C93-AE60-4754-AEBE-D660CCBC2075} = {D3275BC9-2221-4D6F-A4CC-F37F5FC9906D}
		{C3A9624E-41FB-4975-8F8D-EFDEF969529B} = {64879935-3F1D-409E-91F3-F65DA44B2155}
		{151F793E-4520-4A6A-A264-20949FC618AC} = {64879935-3F1D-409E-91F3-F65DA44B2155}
		{8B42DD41-548B-47A6-AE9A-819FA4611A8E} = {64879935-3F1D-409E-91F3-F65DA44B2155}
		{630CFDF9-E05D-42C5-B132-597C3B8806BB} = {64879935-3F1D-409E-91F3-F65DA44B2155}
		{F5CD0D4A-D752-40FB-A5DA-AC6D8F486CD8} = {64879935-3F1D-409E-91F3-F65DA44B2155}
		{A0B13C73-301E-455C-98C4-A39F9C85DACB} = {DB778305-298D-45EF-A8DD-EEBFC79C1BEF}
		{C2492B12-C7F3-48DA-B549-DDCFAE32832E} = {DB778305-298D-45EF-A8DD-EEBFC79C1BEF}
		{B2EB36E2-9981-4118-B042-A8E6FCFDC048} = {DB778305-298D-45EF-A8DD-EEBFC79C1BEF}
		{2EAA4BD0-0A4E-4173-8F16-22143CB4A993} = {DB778305-298D-45EF-A8DD-EEBFC79C1BEF}
		{6F27D03A-D27B-40AF-A398-F9812BEF17A8} = {AD31DD37-E9CF-4EDC-9976-3F03B4B31380}
		{B3D02B5D-6F9E-450E-B992-BED7693F60DB} = {AD31DD37-E9CF-4EDC-9976-3F03B4B31380}
		{1192CB83-2A9A-4FE6-8AA1-268FCAD0D0D7} = {AD31DD37-E9CF-4EDC-9976-3F03B4B31380}
		{1BCF374D-9E33-4ACB-94AD-55D1218521A7} = {AD31DD37-E9CF-4EDC-9976-3F03B4B31380}
		{B4D4E147-DD13-4FC2-8BAA-10DF913AC16B} = {9A1C6922-2BDA-4554-8792-2799D9633C40}
	EndGlobalSection
	GlobalSection(ExtensibilityGlobals) = postSolution
		SolutionGuid = {A5188CF7-4A60-491C-A6CD-1DB7A6E90DE3}
	EndGlobalSection
EndGlobal
